{
  "name": "pokerogue-3ds",
  "version": "1.0.0",
  "lockfileVersion": 3,
  "requires": true,
  "packages": {
    "": {
      "name": "pokerogue-3ds",
      "version": "1.0.0",
      "license": "MIT",
      "devDependencies": {
        "clang-wasm": "^20.1.3-c"
      }
    },
    "node_modules/clang-darwin-x64": {
      "version": "20.1.3",
      "resolved": "https://registry.npmjs.org/clang-darwin-x64/-/clang-darwin-x64-20.1.3.tgz",
      "integrity": "sha512-ECxfrjfEDMQqsWCDJ/gR1IxNF9+pF16FoO/mNGdTUw0wkNXzJ+XbwLaJbYUNp6vA1zcrWd6yAEsiE8MFpHz+7w==",
      "cpu": [
        "x64"
      ],
      "dev": true,
      "optional": true,
      "os": [
        "darwin"
      ]
    },
    "node_modules/clang-linux-x64": {
      "version": "20.1.3-e",
      "resolved": "https://registry.npmjs.org/clang-linux-x64/-/clang-linux-x64-20.1.3-e.tgz",
      "integrity": "sha512-azMef1G0eijxrfefQZ8z+9mDmlg5b3KSyUrSTr679WBWuq5/j0LOI/5W9PS8ELrTjzSY2P53+btqQYLLIr037g==",
      "cpu": [
        "x64"
      ],
      "dev": true,
      "optional": true,
      "os": [
        "linux"
      ]
    },
    "node_modules/clang-wasm": {
      "version": "20.1.3-c",
      "resolved": "https://registry.npmjs.org/clang-wasm/-/clang-wasm-20.1.3-c.tgz",
      "integrity": "sha512-2Vhg2OnvZVpNibL2zYPQ6CHZysGpqG6QtxWlGfAVX0hSM1TZVI7R1qN4hFP379aXVKt8Ya72mVIin6go8htVbg==",
      "dev": true,
      "bin": {
        "clang": "clang.js",
        "clang-wasm": "clang.js"
      },
      "optionalDependencies": {
        "clang-darwin-x64": "20.1.3",
        "clang-linux-x64": "20.1.3-e",
        "clang-wasm-win64": "20.1.3"
      }
    },
    "node_modules/clang-wasm-win64": {
      "version": "20.1.3",
      "resolved": "https://registry.npmjs.org/clang-wasm-win64/-/clang-wasm-win64-20.1.3.tgz",
      "integrity": "sha512-BSsKaKVqQWCf6H7LlrbRMinp1kUTjT9yRDtlSRYSgj3oejI9HtOsdhmbx6uEG8gPdAoYCGcg9l8SxfEiWT6lHg==",
      "cpu": [
        "x64"
      ],
      "dev": true,
      "optional": true,
      "os": [
        "win32"
      ]
    }
  }
}
